{
  "pins" : [
    {
      "identity" : "ilspatial",
      "kind" : "remoteSourceControl",
      "location" : "https://github.com/ratafani/ILSpatial.git",
      "state" : {
        "branch" : "main",
        "revision" : "38aa39cedc575bb7c435a3aa2123690b8b6ad3bc"
      }
    }
  ],
  "version" : 2
}
